
Microsoft Visual Studio Solution File, Format Version 12.00
# Visual Studio Version 16
VisualStudioVersion = 16.0.32126.315
MinimumVisualStudioVersion = 10.0.40219.1
Project("{FAE04EC0-301F-11D3-BF4B-00C04F79EFBC}") = "Dominos Thing", "Dominos Thing.csproj", "{EE28B064-A280-4166-A792-F38F29936021}"
EndProject
Global
	GlobalSection(SolutionConfigurationPlatforms) = preSolution
		Debug|Any CPU = Debug|Any CPU
		Release|Any CPU = Release|Any CPU
	EndGlobalSection
	GlobalSection(ProjectConfigurationPlatforms) = postSolution
		{EE28B064-A280-4166-A792-F38F29936021}.Debug|Any CPU.ActiveCfg = Debug|Any CPU
		{EE28B064-A280-4166-A792-F38F29936021}.Debug|Any CPU.Build.0 = Debug|Any CPU
		{EE28B064-A280-4166-A792-F38F29936021}.Release|Any CPU.ActiveCfg = Release|Any CPU
		{EE28B064-A280-4166-A792-F38F29936021}.Release|Any CPU.Build.0 = Release|Any CPU
	EndGlobalSection
	GlobalSection(SolutionProperties) = preSolution
		HideSolutionNode = FALSE
	EndGlobalSection
	GlobalSection(ExtensibilityGlobals) = postSolution
		SolutionGuid = {0112BB69-B930-411D-B2D9-A69AE2FCF78B}
	EndGlobalSection
EndGlobal
